
Microsoft Visual Studio Solution File, Format Version 12.00
# Visual Studio Version 16
VisualStudioVersion = 16.0.31605.320
MinimumVisualStudioVersion = 10.0.40219.1
Project("{FAE04EC0-301F-11D3-BF4B-00C04F79EFBC}") = "CardsShuffle", "CardsShuffle.csproj", "{223C2E4B-4ED0-4DF1-9DB9-D2EA7C133FF6}"
EndProject
Global
	GlobalSection(SolutionConfigurationPlatforms) = preSolution
		Debug|Any CPU = Debug|Any CPU
		Release|Any CPU = Release|Any CPU
	EndGlobalSection
	GlobalSection(ProjectConfigurationPlatforms) = postSolution
		{223C2E4B-4ED0-4DF1-9DB9-D2EA7C133FF6}.Debug|Any CPU.ActiveCfg = Debug|Any CPU
		{223C2E4B-4ED0-4DF1-9DB9-D2EA7C133FF6}.Debug|Any CPU.Build.0 = Debug|Any CPU
		{223C2E4B-4ED0-4DF1-9DB9-D2EA7C133FF6}.Release|Any CPU.ActiveCfg = Release|Any CPU
		{223C2E4B-4ED0-4DF1-9DB9-D2EA7C133FF6}.Release|Any CPU.Build.0 = Release|Any CPU
	EndGlobalSection
	GlobalSection(SolutionProperties) = preSolution
		HideSolutionNode = FALSE
	EndGlobalSection
	GlobalSection(ExtensibilityGlobals) = postSolution
		SolutionGuid = {8CFEE734-F54E-499F-8599-884AF73C3556}
	EndGlobalSection
EndGlobal
